
Microsoft Visual Studio Solution File, Format Version 12.00
# Visual Studio 15
VisualStudioVersion = 15.0.27703.2042
MinimumVisualStudioVersion = 10.0.40219.1
Project("{FAE04EC0-301F-11D3-BF4B-00C04F79EFBC}") = "TestRestAPI", "TestRestAPI\TestRestAPI.csproj", "{02F6DA8B-B904-4EBE-8A72-FB7667397E31}"
EndProject
Global
	GlobalSection(SolutionConfigurationPlatforms) = preSolution
		Debug|Any CPU = Debug|Any CPU
		Release|Any CPU = Release|Any CPU
	EndGlobalSection
	GlobalSection(ProjectConfigurationPlatforms) = postSolution
		{02F6DA8B-B904-4EBE-8A72-FB7667397E31}.Debug|Any CPU.ActiveCfg = Debug|Any CPU
		{02F6DA8B-B904-4EBE-8A72-FB7667397E31}.Debug|Any CPU.Build.0 = Debug|Any CPU
		{02F6DA8B-B904-4EBE-8A72-FB7667397E31}.Release|Any CPU.ActiveCfg = Release|Any CPU
		{02F6DA8B-B904-4EBE-8A72-FB7667397E31}.Release|Any CPU.Build.0 = Release|Any CPU
	EndGlobalSection
	GlobalSection(SolutionProperties) = preSolution
		HideSolutionNode = FALSE
	EndGlobalSection
	GlobalSection(ExtensibilityGlobals) = postSolution
		SolutionGuid = {940FD4AE-71EC-44ED-9544-752FA74AE92E}
	EndGlobalSection
EndGlobal
